
Microsoft Visual Studio Solution File, Format Version 12.00
# Visual Studio Version 17
VisualStudioVersion = 17.1.32414.318
MinimumVisualStudioVersion = 10.0.40219.1
Project("{FAE04EC0-301F-11D3-BF4B-00C04F79EFBC}") = "NemzetiVirusbolt.Api", "NemzetiVirusbolt.Api\NemzetiVirusbolt.Api.csproj", "{0213FA97-C28C-41E2-B933-CE70F36D6C3F}"
EndProject
Project("{2150E333-8FDC-42A3-9474-1A3956D46DE8}") = "src", "src", "{C51815B1-89A2-437E-9615-60030A32A741}"
EndProject
Project("{2150E333-8FDC-42A3-9474-1A3956D46DE8}") = "tests", "tests", "{FC8689F1-F938-4145-B6D8-C0646154DECF}"
EndProject
Project("{FAE04EC0-301F-11D3-BF4B-00C04F79EFBC}") = "NemzetiVirusbolt.ValidationTests", "NemzetiVirusbolt.ValidationTests\NemzetiVirusbolt.ValidationTests.csproj", "{2BFD69A4-2AA6-436D-8603-7B2327F39DCA}"
EndProject
Project("{FAE04EC0-301F-11D3-BF4B-00C04F79EFBC}") = "NemzetiVirusbolt.Desktop", "NemzetiVirusbolt.Desktop\NemzetiVirusbolt.Desktop.csproj", "{0C6EEBA2-4E4D-49DC-B7C2-9B105B9F6EE9}"
EndProject
Global
	GlobalSection(SolutionConfigurationPlatforms) = preSolution
		Debug|Any CPU = Debug|Any CPU
		Release|Any CPU = Release|Any CPU
	EndGlobalSection
	GlobalSection(ProjectConfigurationPlatforms) = postSolution
		{0213FA97-C28C-41E2-B933-CE70F36D6C3F}.Debug|Any CPU.ActiveCfg = Debug|Any CPU
		{0213FA97-C28C-41E2-B933-CE70F36D6C3F}.Debug|Any CPU.Build.0 = Debug|Any CPU
		{0213FA97-C28C-41E2-B933-CE70F36D6C3F}.Release|Any CPU.ActiveCfg = Release|Any CPU
		{0213FA97-C28C-41E2-B933-CE70F36D6C3F}.Release|Any CPU.Build.0 = Release|Any CPU
		{2BFD69A4-2AA6-436D-8603-7B2327F39DCA}.Debug|Any CPU.ActiveCfg = Debug|Any CPU
		{2BFD69A4-2AA6-436D-8603-7B2327F39DCA}.Debug|Any CPU.Build.0 = Debug|Any CPU
		{2BFD69A4-2AA6-436D-8603-7B2327F39DCA}.Release|Any CPU.ActiveCfg = Release|Any CPU
		{2BFD69A4-2AA6-436D-8603-7B2327F39DCA}.Release|Any CPU.Build.0 = Release|Any CPU
		{0C6EEBA2-4E4D-49DC-B7C2-9B105B9F6EE9}.Debug|Any CPU.ActiveCfg = Debug|Any CPU
		{0C6EEBA2-4E4D-49DC-B7C2-9B105B9F6EE9}.Debug|Any CPU.Build.0 = Debug|Any CPU
		{0C6EEBA2-4E4D-49DC-B7C2-9B105B9F6EE9}.Release|Any CPU.ActiveCfg = Release|Any CPU
		{0C6EEBA2-4E4D-49DC-B7C2-9B105B9F6EE9}.Release|Any CPU.Build.0 = Release|Any CPU
	EndGlobalSection
	GlobalSection(SolutionProperties) = preSolution
		HideSolutionNode = FALSE
	EndGlobalSection
	GlobalSection(NestedProjects) = preSolution
		{0213FA97-C28C-41E2-B933-CE70F36D6C3F} = {C51815B1-89A2-437E-9615-60030A32A741}
		{2BFD69A4-2AA6-436D-8603-7B2327F39DCA} = {FC8689F1-F938-4145-B6D8-C0646154DECF}
		{0C6EEBA2-4E4D-49DC-B7C2-9B105B9F6EE9} = {C51815B1-89A2-437E-9615-60030A32A741}
	EndGlobalSection
	GlobalSection(ExtensibilityGlobals) = postSolution
		SolutionGuid = {04F86AFB-A1F5-450A-AF4F-C52CAB9BD196}
	EndGlobalSection
EndGlobal
