
Microsoft Visual Studio Solution File, Format Version 12.00
# Visual Studio Version 16
VisualStudioVersion = 16.0.30413.136
MinimumVisualStudioVersion = 10.0.40219.1
Project("{9A19103F-16F7-4668-BE54-9A1E7A4F7556}") = "NemzetiVirusbolt.Core", "NemzetiVirusbolt.Core\NemzetiVirusbolt.Core.csproj", "{FC9CB246-6409-4DB7-9FFA-A2E6689E1234}"
EndProject
Project("{9A19103F-16F7-4668-BE54-9A1E7A4F7556}") = "NemzetiVirusbolt.Desktop", "NemzetiVirusbolt.Desktop\NemzetiVirusbolt.Desktop.csproj", "{27DEA75D-B9B7-46E9-80EC-EFA7CC5721BC}"
EndProject
Project("{FAE04EC0-301F-11D3-BF4B-00C04F79EFBC}") = "NemzetiVirusbolt.API", "NemzetiVirusbolt.API\NemzetiVirusbolt.API.csproj", "{3557D12B-7182-4488-908C-6E3FBF792553}"
EndProject
Global
	GlobalSection(SolutionConfigurationPlatforms) = preSolution
		Debug|Any CPU = Debug|Any CPU
		Release|Any CPU = Release|Any CPU
	EndGlobalSection
	GlobalSection(ProjectConfigurationPlatforms) = postSolution
		{FC9CB246-6409-4DB7-9FFA-A2E6689E1234}.Debug|Any CPU.ActiveCfg = Debug|Any CPU
		{FC9CB246-6409-4DB7-9FFA-A2E6689E1234}.Debug|Any CPU.Build.0 = Debug|Any CPU
		{FC9CB246-6409-4DB7-9FFA-A2E6689E1234}.Release|Any CPU.ActiveCfg = Release|Any CPU
		{FC9CB246-6409-4DB7-9FFA-A2E6689E1234}.Release|Any CPU.Build.0 = Release|Any CPU
		{27DEA75D-B9B7-46E9-80EC-EFA7CC5721BC}.Debug|Any CPU.ActiveCfg = Debug|Any CPU
		{27DEA75D-B9B7-46E9-80EC-EFA7CC5721BC}.Debug|Any CPU.Build.0 = Debug|Any CPU
		{27DEA75D-B9B7-46E9-80EC-EFA7CC5721BC}.Release|Any CPU.ActiveCfg = Release|Any CPU
		{27DEA75D-B9B7-46E9-80EC-EFA7CC5721BC}.Release|Any CPU.Build.0 = Release|Any CPU
		{3557D12B-7182-4488-908C-6E3FBF792553}.Debug|Any CPU.ActiveCfg = Debug|Any CPU
		{3557D12B-7182-4488-908C-6E3FBF792553}.Debug|Any CPU.Build.0 = Debug|Any CPU
		{3557D12B-7182-4488-908C-6E3FBF792553}.Release|Any CPU.ActiveCfg = Release|Any CPU
		{3557D12B-7182-4488-908C-6E3FBF792553}.Release|Any CPU.Build.0 = Release|Any CPU
	EndGlobalSection
	GlobalSection(SolutionProperties) = preSolution
		HideSolutionNode = FALSE
	EndGlobalSection
	GlobalSection(ExtensibilityGlobals) = postSolution
		SolutionGuid = {04F86AFB-A1F5-450A-AF4F-C52CAB9BD196}
	EndGlobalSection
EndGlobal
